
Microsoft Visual Studio Solution File, Format Version 12.00
# Visual Studio Version 17
VisualStudioVersion = 17.14.36623.8 d17.14
MinimumVisualStudioVersion = 10.0.40219.1
Project("{FAE04EC0-301F-11D3-BF4B-00C04F79EFBC}") = "AccountAutomationSolution", "AccountAutomationSolution.csproj", "{9A1221A4-8871-4362-A322-DF62FA7EB181}"
EndProject
Global
	GlobalSection(SolutionConfigurationPlatforms) = preSolution
		Debug|Any CPU = Debug|Any CPU
		Release|Any CPU = Release|Any CPU
	EndGlobalSection
	GlobalSection(ProjectConfigurationPlatforms) = postSolution
		{9A1221A4-8871-4362-A322-DF62FA7EB181}.Debug|Any CPU.ActiveCfg = Debug|Any CPU
		{9A1221A4-8871-4362-A322-DF62FA7EB181}.Debug|Any CPU.Build.0 = Debug|Any CPU
		{9A1221A4-8871-4362-A322-DF62FA7EB181}.Release|Any CPU.ActiveCfg = Release|Any CPU
		{9A1221A4-8871-4362-A322-DF62FA7EB181}.Release|Any CPU.Build.0 = Release|Any CPU
	EndGlobalSection
	GlobalSection(SolutionProperties) = preSolution
		HideSolutionNode = FALSE
	EndGlobalSection
	GlobalSection(ExtensibilityGlobals) = postSolution
		SolutionGuid = {BD106C08-068E-49B1-8E77-7E7E997E448D}
	EndGlobalSection
EndGlobal
